
Microsoft Visual Studio Solution File, Format Version 12.00
# Visual Studio Version 16
VisualStudioVersion = 16.0.29318.209
MinimumVisualStudioVersion = 10.0.40219.1
Project("{FAE04EC0-301F-11D3-BF4B-00C04F79EFBC}") = "ContactInfo.Web", "ContactInfo.Web\ContactInfo.Web.csproj", "{B63EC72D-2C4C-4FC2-8FB6-DBE74DC2128F}"
EndProject
Project("{FAE04EC0-301F-11D3-BF4B-00C04F79EFBC}") = "ContactInfo.Infrastructure.Data", "ContactInfo.Infrastructure.Data\ContactInfo.Infrastructure.Data.csproj", "{F6888040-81FD-4413-88ED-7CE7C9C6E63F}"
EndProject
Project("{FAE04EC0-301F-11D3-BF4B-00C04F79EFBC}") = "ContactInfo.ApplicationCore.Services", "ContactInfo.ApplicationCore.Services\ContactInfo.ApplicationCore.Services.csproj", "{94566A7C-17AC-421D-8F09-2D259CC68FD3}"
EndProject
Global
	GlobalSection(SolutionConfigurationPlatforms) = preSolution
		Debug|Any CPU = Debug|Any CPU
		Release|Any CPU = Release|Any CPU
	EndGlobalSection
	GlobalSection(ProjectConfigurationPlatforms) = postSolution
		{B63EC72D-2C4C-4FC2-8FB6-DBE74DC2128F}.Debug|Any CPU.ActiveCfg = Debug|Any CPU
		{B63EC72D-2C4C-4FC2-8FB6-DBE74DC2128F}.Debug|Any CPU.Build.0 = Debug|Any CPU
		{B63EC72D-2C4C-4FC2-8FB6-DBE74DC2128F}.Release|Any CPU.ActiveCfg = Release|Any CPU
		{B63EC72D-2C4C-4FC2-8FB6-DBE74DC2128F}.Release|Any CPU.Build.0 = Release|Any CPU
		{F6888040-81FD-4413-88ED-7CE7C9C6E63F}.Debug|Any CPU.ActiveCfg = Debug|Any CPU
		{F6888040-81FD-4413-88ED-7CE7C9C6E63F}.Debug|Any CPU.Build.0 = Debug|Any CPU
		{F6888040-81FD-4413-88ED-7CE7C9C6E63F}.Release|Any CPU.ActiveCfg = Release|Any CPU
		{F6888040-81FD-4413-88ED-7CE7C9C6E63F}.Release|Any CPU.Build.0 = Release|Any CPU
		{94566A7C-17AC-421D-8F09-2D259CC68FD3}.Debug|Any CPU.ActiveCfg = Debug|Any CPU
		{94566A7C-17AC-421D-8F09-2D259CC68FD3}.Debug|Any CPU.Build.0 = Debug|Any CPU
		{94566A7C-17AC-421D-8F09-2D259CC68FD3}.Release|Any CPU.ActiveCfg = Release|Any CPU
		{94566A7C-17AC-421D-8F09-2D259CC68FD3}.Release|Any CPU.Build.0 = Release|Any CPU
	EndGlobalSection
	GlobalSection(SolutionProperties) = preSolution
		HideSolutionNode = FALSE
	EndGlobalSection
	GlobalSection(ExtensibilityGlobals) = postSolution
		SolutionGuid = {D63FB638-5E49-48C1-B936-A6B9BAD7C371}
	EndGlobalSection
EndGlobal
